
Microsoft Visual Studio Solution File, Format Version 12.00
# Visual Studio Version 17
VisualStudioVersion = 17.3.32811.315
MinimumVisualStudioVersion = 10.0.40219.1
Project("{FAE04EC0-301F-11D3-BF4B-00C04F79EFBC}") = "Conditionals", "Conditionals\Conditionals.csproj", "{EDA9EF30-722D-4AA6-9788-DB4DDA5E236A}"
EndProject
Global
	GlobalSection(SolutionConfigurationPlatforms) = preSolution
		Debug|Any CPU = Debug|Any CPU
		Release|Any CPU = Release|Any CPU
	EndGlobalSection
	GlobalSection(ProjectConfigurationPlatforms) = postSolution
		{EDA9EF30-722D-4AA6-9788-DB4DDA5E236A}.Debug|Any CPU.ActiveCfg = Debug|Any CPU
		{EDA9EF30-722D-4AA6-9788-DB4DDA5E236A}.Debug|Any CPU.Build.0 = Debug|Any CPU
		{EDA9EF30-722D-4AA6-9788-DB4DDA5E236A}.Release|Any CPU.ActiveCfg = Release|Any CPU
		{EDA9EF30-722D-4AA6-9788-DB4DDA5E236A}.Release|Any CPU.Build.0 = Release|Any CPU
	EndGlobalSection
	GlobalSection(SolutionProperties) = preSolution
		HideSolutionNode = FALSE
	EndGlobalSection
	GlobalSection(ExtensibilityGlobals) = postSolution
		SolutionGuid = {26191B1A-8F1C-44AB-B605-08EF1796297E}
	EndGlobalSection
EndGlobal
